
Microsoft Visual Studio Solution File, Format Version 12.00
# Visual Studio Version 17
VisualStudioVersion = 17.14.36511.14 d17.14
MinimumVisualStudioVersion = 10.0.40219.1
Project("{FAE04EC0-301F-11D3-BF4B-00C04F79EFBC}") = "manage products", "manage products\manage products.csproj", "{DCEBB839-043C-481B-BA14-FB899620E2BD}"
EndProject
Global
	GlobalSection(SolutionConfigurationPlatforms) = preSolution
		Debug|Any CPU = Debug|Any CPU
		Release|Any CPU = Release|Any CPU
	EndGlobalSection
	GlobalSection(ProjectConfigurationPlatforms) = postSolution
		{DCEBB839-043C-481B-BA14-FB899620E2BD}.Debug|Any CPU.ActiveCfg = Debug|Any CPU
		{DCEBB839-043C-481B-BA14-FB899620E2BD}.Debug|Any CPU.Build.0 = Debug|Any CPU
		{DCEBB839-043C-481B-BA14-FB899620E2BD}.Release|Any CPU.ActiveCfg = Release|Any CPU
		{DCEBB839-043C-481B-BA14-FB899620E2BD}.Release|Any CPU.Build.0 = Release|Any CPU
	EndGlobalSection
	GlobalSection(SolutionProperties) = preSolution
		HideSolutionNode = FALSE
	EndGlobalSection
	GlobalSection(ExtensibilityGlobals) = postSolution
		SolutionGuid = {B7073197-0556-458D-9CD5-ADDC46F0E458}
	EndGlobalSection
EndGlobal
